
Microsoft Visual Studio Solution File, Format Version 12.00
# Visual Studio Version 16
VisualStudioVersion = 16.0.30011.22
MinimumVisualStudioVersion = 10.0.40219.1
Project("{FAE04EC0-301F-11D3-BF4B-00C04F79EFBC}") = "Projekt3_BryłyGeometryczneNaumenko51447", "Projekt3_BryłyGeometryczneNaumenko51447\Projekt3_BryłyGeometryczneNaumenko51447.csproj", "{9327EE94-521F-44AB-89DA-5478729CB819}"
EndProject
Global
	GlobalSection(SolutionConfigurationPlatforms) = preSolution
		Debug|Any CPU = Debug|Any CPU
		Release|Any CPU = Release|Any CPU
	EndGlobalSection
	GlobalSection(ProjectConfigurationPlatforms) = postSolution
		{9327EE94-521F-44AB-89DA-5478729CB819}.Debug|Any CPU.ActiveCfg = Debug|Any CPU
		{9327EE94-521F-44AB-89DA-5478729CB819}.Debug|Any CPU.Build.0 = Debug|Any CPU
		{9327EE94-521F-44AB-89DA-5478729CB819}.Release|Any CPU.ActiveCfg = Release|Any CPU
		{9327EE94-521F-44AB-89DA-5478729CB819}.Release|Any CPU.Build.0 = Release|Any CPU
	EndGlobalSection
	GlobalSection(SolutionProperties) = preSolution
		HideSolutionNode = FALSE
	EndGlobalSection
	GlobalSection(ExtensibilityGlobals) = postSolution
		SolutionGuid = {86834981-5CC8-4A7F-9607-F707460E9E11}
	EndGlobalSection
EndGlobal
